// !$*UTF8*$!
{
	archiveVersion = 1;
	classes = {
	};
	objectVersion = 50;
	objects = {

/* Begin PBXBuildFile section */
		7108F3C125EE2847002A91FB /* AppDelegate.swift in Sources */ = {isa = PBXBuildFile; fileRef = 7108F3C025EE2847002A91FB /* AppDelegate.swift */; };
		7108F3C325EE2847002A91FB /* SceneDelegate.swift in Sources */ = {isa = PBXBuildFile; fileRef = 7108F3C225EE2847002A91FB /* SceneDelegate.swift */; };
		7108F3C525EE2847002A91FB /* ViewController.swift in Sources */ = {isa = PBXBuildFile; fileRef = 7108F3C425EE2847002A91FB /* ViewController.swift */; };
		7108F3C825EE2847002A91FB /* Main.storyboard in Resources */ = {isa = PBXBuildFile; fileRef = 7108F3C625EE2847002A91FB /* Main.storyboard */; };
		7108F3CA25EE284B002A91FB /* Assets.xcassets in Resources */ = {isa = PBXBuildFile; fileRef = 7108F3C925EE284B002A91FB /* Assets.xcassets */; };
		7108F3CD25EE284B002A91FB /* LaunchScreen.storyboard in Resources */ = {isa = PBXBuildFile; fileRef = 7108F3CB25EE284B002A91FB /* LaunchScreen.storyboard */; };
		7108F3D625EE3145002A91FB /* ForecastTableViewController.swift in Sources */ = {isa = PBXBuildFile; fileRef = 7108F3D525EE3145002A91FB /* ForecastTableViewController.swift */; };
/* End PBXBuildFile section */

/* Begin PBXFileReference section */
		7108F3BD25EE2847002A91FB /* izWeather.app */ = {isa = PBXFileReference; explicitFileType = wrapper.application; includeInIndex = 0; path = izWeather.app; sourceTree = BUILT_PRODUCTS_DIR; };
		7108F3C025EE2847002A91FB /* AppDelegate.swift */ = {isa = PBXFileReference; lastKnownFileType = sourcecode.swift; path = AppDelegate.swift; sourceTree = "<group>"; };
		7108F3C225EE2847002A91FB /* SceneDelegate.swift */ = {isa = PBXFileReference; lastKnownFileType = sourcecode.swift; path = SceneDelegate.swift; sourceTree = "<group>"; };
		7108F3C425EE2847002A91FB /* ViewController.swift */ = {isa = PBXFileReference; lastKnownFileType = sourcecode.swift; path = ViewController.swift; sourceTree = "<group>"; };
		7108F3C725EE2847002A91FB /* Base */ = {isa = PBXFileReference; lastKnownFileType = file.storyboard; name = Base; path = Base.lproj/Main.storyboard; sourceTree = "<group>"; };
		7108F3C925EE284B002A91FB /* Assets.xcassets */ = {isa = PBXFileReference; lastKnownFileType = folder.assetcatalog; path = Assets.xcassets; sourceTree = "<group>"; };
		7108F3CC25EE284B002A91FB /* Base */ = {isa = PBXFileReference; lastKnownFileType = file.storyboard; name = Base; path = Base.lproj/LaunchScreen.storyboard; sourceTree = "<group>"; };
		7108F3CE25EE284B002A91FB /* Info.plist */ = {isa = PBXFileReference; lastKnownFileType = text.plist.xml; path = Info.plist; sourceTree = "<group>"; };
		7108F3D525EE3145002A91FB /* ForecastTableViewController.swift */ = {isa = PBXFileReference; lastKnownFileType = sourcecode.swift; path = ForecastTableViewController.swift; sourceTree = "<group>"; };
/* End PBXFileReference section */

/* Begin PBXFrameworksBuildPhase section */
		7108F3BA25EE2847002A91FB /* Frameworks */ = {
			isa = PBXFrameworksBuildPhase;
			buildActionMask = 2147483647;
			files = (
			);
			runOnlyForDeploymentPostprocessing = 0;
		};
/* End PBXFrameworksBuildPhase section */

/* Begin PBXGroup section */
		7108F3B425EE2847002A91FB = {
			isa = PBXGroup;
			children = (
				7108F3BF25EE2847002A91FB /* izWeather */,
				7108F3BE25EE2847002A91FB /* Products */,
			);
			sourceTree = "<group>";
		};
		7108F3BE25EE2847002A91FB /* Products */ = {
			isa = PBXGroup;
			children = (
				7108F3BD25EE2847002A91FB /* izWeather.app */,
			);
			name = Products;
			sourceTree = "<group>";
		};
		7108F3BF25EE2847002A91FB /* izWeather */ = {
			isa = PBXGroup;
			children = (
				7108F3C025EE2847002A91FB /* AppDelegate.swift */,
				7108F3C225EE2847002A91FB /* SceneDelegate.swift */,
				7108F3C425EE2847002A91FB /* ViewController.swift */,
				7108F3C625EE2847002A91FB /* Main.storyboard */,
				7108F3D525EE3145002A91FB /* ForecastTableViewController.swift */,
				7108F3C925EE284B002A91FB /* Assets.xcassets */,
				7108F3CB25EE284B002A91FB /* LaunchScreen.storyboard */,
				7108F3CE25EE284B002A91FB /* Info.plist */,
			);
			path = izWeather;
			sourceTree = "<group>";
		};
/* End PBXGroup section */

/* Begin PBXNativeTarget section */
		7108F3BC25EE2847002A91FB /* izWeather */ = {
			isa = PBXNativeTarget;
			buildConfigurationList = 7108F3D125EE284B002A91FB /* Build configuration list for PBXNativeTarget "izWeather" */;
			buildPhases = (
				7108F3B925EE2847002A91FB /* Sources */,
				7108F3BA25EE2847002A91FB /* Frameworks */,
				7108F3BB25EE2847002A91FB /* Resources */,
			);
			buildRules = (
			);
			dependencies = (
			);
			name = izWeather;
			productName = izWeather;
			productReference = 7108F3BD25EE2847002A91FB /* izWeather.app */;
			productType = "com.apple.product-type.application";
		};
/* End PBXNativeTarget section */

/* Begin PBXProject section */
		7108F3B525EE2847002A91FB /* Project object */ = {
			isa = PBXProject;
			attributes = {
				LastSwiftUpdateCheck = 1240;
				LastUpgradeCheck = 1240;
				TargetAttributes = {
					7108F3BC25EE2847002A91FB = {
						CreatedOnToolsVersion = 12.4;
					};
				};
			};
			buildConfigurationList = 7108F3B825EE2847002A91FB /* Build configuration list for PBXProject "izWeather" */;
			compatibilityVersion = "Xcode 9.3";
			developmentRegion = en;
			hasScannedForEncodings = 0;
			knownRegions = (
				en,
				Base,
			);
			mainGroup = 7108F3B425EE2847002A91FB;
			productRefGroup = 7108F3BE25EE2847002A91FB /* Products */;
			projectDirPath = "";
			projectRoot = "";
			targets = (
				7108F3BC25EE2847002A91FB /* izWeather */,
			);
		};
/* End PBXProject section */

/* Begin PBXResourcesBuildPhase section */
		7108F3BB25EE2847002A91FB /* Resources */ = {
			isa = PBXResourcesBuildPhase;
			buildActionMask = 2147483647;
			files = (
				7108F3CD25EE284B002A91FB /* LaunchScreen.storyboard in Resources */,
				7108F3CA25EE284B002A91FB /* Assets.xcassets in Resources */,
				7108F3C825EE2847002A91FB /* Main.storyboard in Resources */,
			);
			runOnlyForDeploymentPostprocessing = 0;
		};
/* End PBXResourcesBuildPhase section */

/* Begin PBXSourcesBuildPhase section */
		7108F3B925EE2847002A91FB /* Sources */ = {
			isa = PBXSourcesBuildPhase;
			buildActionMask = 2147483647;
			files = (
				7108F3C525EE2847002A91FB /* ViewController.swift in Sources */,
				7108F3C125EE2847002A91FB /* AppDelegate.swift in Sources */,
				7108F3D625EE3145002A91FB /* ForecastTableViewController.swift in Sources */,
				7108F3C325EE2847002A91FB /* SceneDelegate.swift in Sources */,
			);
			runOnlyForDeploymentPostprocessing = 0;
		};
/* End PBXSourcesBuildPhase section */

/* Begin PBXVariantGroup section */
		7108F3C625EE2847002A91FB /* Main.storyboard */ = {
			isa = PBXVariantGroup;
			children = (
				7108F3C725EE2847002A91FB /* Base */,
			);
			name = Main.storyboard;
			sourceTree = "<group>";
		};
		7108F3CB25EE284B002A91FB /* LaunchScreen.storyboard */ = {
			isa = PBXVariantGroup;
			children = (
				7108F3CC25EE284B002A91FB /* Base */,
			);
			name = LaunchScreen.storyboard;
			sourceTree = "<group>";
		};
/* End PBXVariantGroup section */

/* Begin XCBuildConfiguration section */
		7108F3CF25EE284B002A91FB /* Debug */ = {
			isa = XCBuildConfiguration;
			buildSettings = {
				ALWAYS_SEARCH_USER_PATHS = NO;
				CLANG_ANALYZER_NONNULL = YES;
				CLANG_ANALYZER_NUMBER_OBJECT_CONVERSION = YES_AGGRESSIVE;
				CLANG_CXX_LANGUAGE_STANDARD = "gnu++14";
				CLANG_CXX_LIBRARY = "libc++";
				CLANG_ENABLE_MODULES = YES;
				CLANG_ENABLE_OBJC_ARC = YES;
				CLANG_ENABLE_OBJC_WEAK = YES;
				CLANG_WARN_BLOCK_CAPTURE_AUTORELEASING = YES;
				CLANG_WARN_BOOL_CONVERSION = YES;
				CLANG_WARN_COMMA = YES;
				CLANG_WARN_CONSTANT_CONVERSION = YES;
				CLANG_WARN_DEPRECATED_OBJC_IMPLEMENTATIONS = YES;
				CLANG_WARN_DIRECT_OBJC_ISA_USAGE = YES_ERROR;
				CLANG_WARN_DOCUMENTATION_COMMENTS = YES;
				CLANG_WARN_EMPTY_BODY = YES;
				CLANG_WARN_ENUM_CONVERSION = YES;
				CLANG_WARN_INFINITE_RECURSION = YES;
				CLANG_WARN_INT_CONVERSION = YES;
				CLANG_WARN_NON_LITERAL_NULL_CONVERSION = YES;
				CLANG_WARN_OBJC_IMPLICIT_RETAIN_SELF = YES;
				CLANG_WARN_OBJC_LITERAL_CONVERSION = YES;
				CLANG_WARN_OBJC_ROOT_CLASS = YES_ERROR;
				CLANG_WARN_QUOTED_INCLUDE_IN_FRAMEWORK_HEADER = YES;
				CLANG_WARN_RANGE_LOOP_ANALYSIS = YES;
				CLANG_WARN_STRICT_PROTOTYPES = YES;
				CLANG_WARN_SUSPICIOUS_MOVE = YES;
				CLANG_WARN_UNGUARDED_AVAILABILITY = YES_AGGRESSIVE;
				CLANG_WARN_UNREACHABLE_CODE = YES;
				CLANG_WARN__DUPLICATE_METHOD_MATCH = YES;
				COPY_PHASE_STRIP = NO;
				DEBUG_INFORMATION_FORMAT = dwarf;
				ENABLE_STRICT_OBJC_MSGSEND = YES;
				ENABLE_TESTABILITY = YES;
				GCC_C_LANGUAGE_STANDARD = gnu11;
				GCC_DYNAMIC_NO_PIC = NO;
				GCC_NO_COMMON_BLOCKS = YES;
				GCC_OPTIMIZATION_LEVEL = 0;
				GCC_PREPROCESSOR_DEFINITIONS = (
					"DEBUG=1",
					"$(inherited)",
				);
				GCC_WARN_64_TO_32_BIT_CONVERSION = YES;
				GCC_WARN_ABOUT_RETURN_TYPE = YES_ERROR;
				GCC_WARN_UNDECLARED_SELECTOR = YES;
				GCC_WARN_UNINITIALIZED_AUTOS = YES_AGGRESSIVE;
				GCC_WARN_UNUSED_FUNCTION = YES;
				GCC_WARN_UNUSED_VARIABLE = YES;
				IPHONEOS_DEPLOYMENT_TARGET = 14.4;
				MTL_ENABLE_DEBUG_INFO = INCLUDE_SOURCE;
				MTL_FAST_MATH = YES;
				ONLY_ACTIVE_ARCH = YES;
				SDKROOT = iphoneos;
				SWIFT_ACTIVE_COMPILATION_CONDITIONS = DEBUG;
				SWIFT_OPTIMIZATION_LEVEL = "-Onone";
			};
			name = Debug;
		};
		7108F3D025EE284B002A91FB /* Release */ = {
			isa = XCBuildConfiguration;
			buildSettings = {
				ALWAYS_SEARCH_USER_PATHS = NO;
				CLANG_ANALYZER_NONNULL = YES;
				CLANG_ANALYZER_NUMBER_OBJECT_CONVERSION = YES_AGGRESSIVE;
				CLANG_CXX_LANGUAGE_STANDARD = "gnu++14";
				CLANG_CXX_LIBRARY = "libc++";
				CLANG_ENABLE_MODULES = YES;
				CLANG_ENABLE_OBJC_ARC = YES;
				CLANG_ENABLE_OBJC_WEAK = YES;
				CLANG_WARN_BLOCK_CAPTURE_AUTORELEASING = YES;
				CLANG_WARN_BOOL_CONVERSION = YES;
				CLANG_WARN_COMMA = YES;
				CLANG_WARN_CONSTANT_CONVERSION = YES;
				CLANG_WARN_DEPRECATED_OBJC_IMPLEMENTATIONS = YES;
				CLANG_WARN_DIRECT_OBJC_ISA_USAGE = YES_ERROR;
				CLANG_WARN_DOCUMENTATION_COMMENTS = YES;
				CLANG_WARN_EMPTY_BODY = YES;
				CLANG_WARN_ENUM_CONVERSION = YES;
				CLANG_WARN_INFINITE_RECURSION = YES;
				CLANG_WARN_INT_CONVERSION = YES;
				CLANG_WARN_NON_LITERAL_NULL_CONVERSION = YES;
				CLANG_WARN_OBJC_IMPLICIT_RETAIN_SELF = YES;
				CLANG_WARN_OBJC_LITERAL_CONVERSION = YES;
				CLANG_WARN_OBJC_ROOT_CLASS = YES_ERROR;
				CLANG_WARN_QUOTED_INCLUDE_IN_FRAMEWORK_HEADER = YES;
				CLANG_WARN_RANGE_LOOP_ANALYSIS = YES;
				CLANG_WARN_STRICT_PROTOTYPES = YES;
				CLANG_WARN_SUSPICIOUS_MOVE = YES;
				CLANG_WARN_UNGUARDED_AVAILABILITY = YES_AGGRESSIVE;
				CLANG_WARN_UNREACHABLE_CODE = YES;
				CLANG_WARN__DUPLICATE_METHOD_MATCH = YES;
				COPY_PHASE_STRIP = NO;
				DEBUG_INFORMATION_FORMAT = "dwarf-with-dsym";
				ENABLE_NS_ASSERTIONS = NO;
				ENABLE_STRICT_OBJC_MSGSEND = YES;
				GCC_C_LANGUAGE_STANDARD = gnu11;
				GCC_NO_COMMON_BLOCKS = YES;
				GCC_WARN_64_TO_32_BIT_CONVERSION = YES;
				GCC_WARN_ABOUT_RETURN_TYPE = YES_ERROR;
				GCC_WARN_UNDECLARED_SELECTOR = YES;
				GCC_WARN_UNINITIALIZED_AUTOS = YES_AGGRESSIVE;
				GCC_WARN_UNUSED_FUNCTION = YES;
				GCC_WARN_UNUSED_VARIABLE = YES;
				IPHONEOS_DEPLOYMENT_TARGET = 14.4;
				MTL_ENABLE_DEBUG_INFO = NO;
				MTL_FAST_MATH = YES;
				SDKROOT = iphoneos;
				SWIFT_COMPILATION_MODE = wholemodule;
				SWIFT_OPTIMIZATION_LEVEL = "-O";
				VALIDATE_PRODUCT = YES;
			};
			name = Release;
		};
		7108F3D225EE284B002A91FB /* Debug */ = {
			isa = XCBuildConfiguration;
			buildSettings = {
				ASSETCATALOG_COMPILER_APPICON_NAME = AppIcon;
				ASSETCATALOG_COMPILER_GLOBAL_ACCENT_COLOR_NAME = AccentColor;
				CODE_SIGN_STYLE = Automatic;
				DEVELOPMENT_TEAM = GU6W6JBYVD;
				INFOPLIST_FILE = izWeather/Info.plist;
				LD_RUNPATH_SEARCH_PATHS = (
					"$(inherited)",
					"@executable_path/Frameworks",
				);
				PRODUCT_BUNDLE_IDENTIFIER = "com.IzzatEl-Jabali.izWeather";
				PRODUCT_NAME = "$(TARGET_NAME)";
				SWIFT_VERSION = 5.0;
				TARGETED_DEVICE_FAMILY = "1,2";
			};
			name = Debug;
		};
		7108F3D325EE284B002A91FB /* Release */ = {
			isa = XCBuildConfiguration;
			buildSettings = {
				ASSETCATALOG_COMPILER_APPICON_NAME = AppIcon;
				ASSETCATALOG_COMPILER_GLOBAL_ACCENT_COLOR_NAME = AccentColor;
				CODE_SIGN_STYLE = Automatic;
				DEVELOPMENT_TEAM = GU6W6JBYVD;
				INFOPLIST_FILE = izWeather/Info.plist;
				LD_RUNPATH_SEARCH_PATHS = (
					"$(inherited)",
					"@executable_path/Frameworks",
				);
				PRODUCT_BUNDLE_IDENTIFIER = "com.IzzatEl-Jabali.izWeather";
				PRODUCT_NAME = "$(TARGET_NAME)";
				SWIFT_VERSION = 5.0;
				TARGETED_DEVICE_FAMILY = "1,2";
			};
			name = Release;
		};
/* End XCBuildConfiguration section */

/* Begin XCConfigurationList section */
		7108F3B825EE2847002A91FB /* Build configuration list for PBXProject "izWeather" */ = {
			isa = XCConfigurationList;
			buildConfigurations = (
				7108F3CF25EE284B002A91FB /* Debug */,
				7108F3D025EE284B002A91FB /* Release */,
			);
			defaultConfigurationIsVisible = 0;
			defaultConfigurationName = Release;
		};
		7108F3D125EE284B002A91FB /* Build configuration list for PBXNativeTarget "izWeather" */ = {
			isa = XCConfigurationList;
			buildConfigurations = (
				7108F3D225EE284B002A91FB /* Debug */,
				7108F3D325EE284B002A91FB /* Release */,
			);
			defaultConfigurationIsVisible = 0;
			defaultConfigurationName = Release;
		};
/* End XCConfigurationList section */
	};
	rootObject = 7108F3B525EE2847002A91FB /* Project object */;
}
